
Microsoft Visual Studio Solution File, Format Version 12.00
# Visual Studio Version 16
VisualStudioVersion = 16.0.29911.84
MinimumVisualStudioVersion = 10.0.40219.1
Project("{FAE04EC0-301F-11D3-BF4B-00C04F79EFBC}") = "5", "5\5.csproj", "{EC09BD02-8995-4796-B352-B13BABA1A18F}"
EndProject
Global
	GlobalSection(SolutionConfigurationPlatforms) = preSolution
		Debug|Any CPU = Debug|Any CPU
		Release|Any CPU = Release|Any CPU
	EndGlobalSection
	GlobalSection(ProjectConfigurationPlatforms) = postSolution
		{EC09BD02-8995-4796-B352-B13BABA1A18F}.Debug|Any CPU.ActiveCfg = Debug|Any CPU
		{EC09BD02-8995-4796-B352-B13BABA1A18F}.Debug|Any CPU.Build.0 = Debug|Any CPU
		{EC09BD02-8995-4796-B352-B13BABA1A18F}.Release|Any CPU.ActiveCfg = Release|Any CPU
		{EC09BD02-8995-4796-B352-B13BABA1A18F}.Release|Any CPU.Build.0 = Release|Any CPU
	EndGlobalSection
	GlobalSection(SolutionProperties) = preSolution
		HideSolutionNode = FALSE
	EndGlobalSection
	GlobalSection(ExtensibilityGlobals) = postSolution
		SolutionGuid = {B409664B-810A-4606-826E-DB7BE8349179}
	EndGlobalSection
EndGlobal
